
Microsoft Visual Studio Solution File, Format Version 12.00
# Visual Studio 15
VisualStudioVersion = 15.0.28307.539
MinimumVisualStudioVersion = 10.0.40219.1
Project("{9A19103F-16F7-4668-BE54-9A1E7A4F7556}") = "PhotoStock.Tests", "src\PhotoStock.Tests\PhotoStock.Tests.csproj", "{BDE56D61-FFF0-46F1-84BE-795A45550977}"
EndProject
Project("{9A19103F-16F7-4668-BE54-9A1E7A4F7556}") = "PhotoStock", "src\PhotoStock\PhotoStock.csproj", "{C86D13FB-1635-4E54-AC54-223F2FED4AFB}"
EndProject
Project("{2150E333-8FDC-42A3-9474-1A3956D46DE8}") = "Docs", "Docs", "{11122D5E-0D3F-4D0C-83C4-79FEAD30C388}"
	ProjectSection(SolutionItems) = preProject
		docs\Photostock.md = docs\Photostock.md
	EndProjectSection
EndProject
Project("{2150E333-8FDC-42A3-9474-1A3956D46DE8}") = "Sales", "Sales", "{BD287E09-B68B-468F-A80E-4FE7F97D6698}"
EndProject
Project("{9A19103F-16F7-4668-BE54-9A1E7A4F7556}") = "Sales.Domain", "src\Sales.Domain\Sales.Domain.csproj", "{29E83E01-019E-4DBD-96B8-9D3B188791A8}"
EndProject
Project("{9A19103F-16F7-4668-BE54-9A1E7A4F7556}") = "Sales.Application", "src\Sales.Application\Sales.Application.csproj", "{D6329D6C-65CE-4728-A4E3-DF7E9FAC3A33}"
EndProject
Project("{9A19103F-16F7-4668-BE54-9A1E7A4F7556}") = "Sales.Infrastructure", "src\Sales.Infrastructure\Sales.Infrastructure.csproj", "{268E6D23-4492-4AAD-904A-121ECBE2BA8D}"
EndProject
Project("{9A19103F-16F7-4668-BE54-9A1E7A4F7556}") = "PhotoStock.BusInterfaces", "src\PhotoStock.BusInterfaces\PhotoStock.BusInterfaces.csproj", "{A1EED913-66B6-421E-B85A-0213EDA4CE38}"
EndProject
Project("{FAE04EC0-301F-11D3-BF4B-00C04F79EFBC}") = "Invoice.Domain", "src\Invoice.Domain\Invoice.Domain.csproj", "{753EBB49-84E6-439E-B8BD-6DF6F4F7FA8D}"
EndProject
Project("{FAE04EC0-301F-11D3-BF4B-00C04F79EFBC}") = "Process", "src\Process\Process.csproj", "{720903C3-D60E-4C92-B39E-20706FA1B76B}"
EndProject
Project("{FAE04EC0-301F-11D3-BF4B-00C04F79EFBC}") = "Invoice.Application", "src\Invoice.Application\Invoice.Application.csproj", "{ED23C26F-69F0-4F9B-8670-0E66BF7DC94C}"
EndProject
Project("{FAE04EC0-301F-11D3-BF4B-00C04F79EFBC}") = "Shipment.Application", "src\Shipment.Application\Shipment.Application.csproj", "{805813BD-F057-4007-8CE8-119DE7780E15}"
EndProject
Project("{FAE04EC0-301F-11D3-BF4B-00C04F79EFBC}") = "Shipment.Domain", "src\Shipment.Domain\Shipment.Domain.csproj", "{1E75A786-E4B8-4A67-AEFB-43FEDE7614EB}"
EndProject
Global
	GlobalSection(SolutionConfigurationPlatforms) = preSolution
		Debug|Any CPU = Debug|Any CPU
		Release|Any CPU = Release|Any CPU
	EndGlobalSection
	GlobalSection(ProjectConfigurationPlatforms) = postSolution
		{BDE56D61-FFF0-46F1-84BE-795A45550977}.Debug|Any CPU.ActiveCfg = Debug|Any CPU
		{BDE56D61-FFF0-46F1-84BE-795A45550977}.Debug|Any CPU.Build.0 = Debug|Any CPU
		{BDE56D61-FFF0-46F1-84BE-795A45550977}.Release|Any CPU.ActiveCfg = Release|Any CPU
		{BDE56D61-FFF0-46F1-84BE-795A45550977}.Release|Any CPU.Build.0 = Release|Any CPU
		{C86D13FB-1635-4E54-AC54-223F2FED4AFB}.Debug|Any CPU.ActiveCfg = Debug|Any CPU
		{C86D13FB-1635-4E54-AC54-223F2FED4AFB}.Debug|Any CPU.Build.0 = Debug|Any CPU
		{C86D13FB-1635-4E54-AC54-223F2FED4AFB}.Release|Any CPU.ActiveCfg = Release|Any CPU
		{C86D13FB-1635-4E54-AC54-223F2FED4AFB}.Release|Any CPU.Build.0 = Release|Any CPU
		{29E83E01-019E-4DBD-96B8-9D3B188791A8}.Debug|Any CPU.ActiveCfg = Debug|Any CPU
		{29E83E01-019E-4DBD-96B8-9D3B188791A8}.Debug|Any CPU.Build.0 = Debug|Any CPU
		{29E83E01-019E-4DBD-96B8-9D3B188791A8}.Release|Any CPU.ActiveCfg = Release|Any CPU
		{29E83E01-019E-4DBD-96B8-9D3B188791A8}.Release|Any CPU.Build.0 = Release|Any CPU
		{D6329D6C-65CE-4728-A4E3-DF7E9FAC3A33}.Debug|Any CPU.ActiveCfg = Debug|Any CPU
		{D6329D6C-65CE-4728-A4E3-DF7E9FAC3A33}.Debug|Any CPU.Build.0 = Debug|Any CPU
		{D6329D6C-65CE-4728-A4E3-DF7E9FAC3A33}.Release|Any CPU.ActiveCfg = Release|Any CPU
		{D6329D6C-65CE-4728-A4E3-DF7E9FAC3A33}.Release|Any CPU.Build.0 = Release|Any CPU
		{268E6D23-4492-4AAD-904A-121ECBE2BA8D}.Debug|Any CPU.ActiveCfg = Debug|Any CPU
		{268E6D23-4492-4AAD-904A-121ECBE2BA8D}.Debug|Any CPU.Build.0 = Debug|Any CPU
		{268E6D23-4492-4AAD-904A-121ECBE2BA8D}.Release|Any CPU.ActiveCfg = Release|Any CPU
		{268E6D23-4492-4AAD-904A-121ECBE2BA8D}.Release|Any CPU.Build.0 = Release|Any CPU
		{A1EED913-66B6-421E-B85A-0213EDA4CE38}.Debug|Any CPU.ActiveCfg = Debug|Any CPU
		{A1EED913-66B6-421E-B85A-0213EDA4CE38}.Debug|Any CPU.Build.0 = Debug|Any CPU
		{A1EED913-66B6-421E-B85A-0213EDA4CE38}.Release|Any CPU.ActiveCfg = Release|Any CPU
		{A1EED913-66B6-421E-B85A-0213EDA4CE38}.Release|Any CPU.Build.0 = Release|Any CPU
		{753EBB49-84E6-439E-B8BD-6DF6F4F7FA8D}.Debug|Any CPU.ActiveCfg = Debug|Any CPU
		{753EBB49-84E6-439E-B8BD-6DF6F4F7FA8D}.Debug|Any CPU.Build.0 = Debug|Any CPU
		{753EBB49-84E6-439E-B8BD-6DF6F4F7FA8D}.Release|Any CPU.ActiveCfg = Release|Any CPU
		{753EBB49-84E6-439E-B8BD-6DF6F4F7FA8D}.Release|Any CPU.Build.0 = Release|Any CPU
		{720903C3-D60E-4C92-B39E-20706FA1B76B}.Debug|Any CPU.ActiveCfg = Debug|Any CPU
		{720903C3-D60E-4C92-B39E-20706FA1B76B}.Debug|Any CPU.Build.0 = Debug|Any CPU
		{720903C3-D60E-4C92-B39E-20706FA1B76B}.Release|Any CPU.ActiveCfg = Release|Any CPU
		{720903C3-D60E-4C92-B39E-20706FA1B76B}.Release|Any CPU.Build.0 = Release|Any CPU
		{ED23C26F-69F0-4F9B-8670-0E66BF7DC94C}.Debug|Any CPU.ActiveCfg = Debug|Any CPU
		{ED23C26F-69F0-4F9B-8670-0E66BF7DC94C}.Debug|Any CPU.Build.0 = Debug|Any CPU
		{ED23C26F-69F0-4F9B-8670-0E66BF7DC94C}.Release|Any CPU.ActiveCfg = Release|Any CPU
		{ED23C26F-69F0-4F9B-8670-0E66BF7DC94C}.Release|Any CPU.Build.0 = Release|Any CPU
		{805813BD-F057-4007-8CE8-119DE7780E15}.Debug|Any CPU.ActiveCfg = Debug|Any CPU
		{805813BD-F057-4007-8CE8-119DE7780E15}.Debug|Any CPU.Build.0 = Debug|Any CPU
		{805813BD-F057-4007-8CE8-119DE7780E15}.Release|Any CPU.ActiveCfg = Release|Any CPU
		{805813BD-F057-4007-8CE8-119DE7780E15}.Release|Any CPU.Build.0 = Release|Any CPU
		{1E75A786-E4B8-4A67-AEFB-43FEDE7614EB}.Debug|Any CPU.ActiveCfg = Debug|Any CPU
		{1E75A786-E4B8-4A67-AEFB-43FEDE7614EB}.Debug|Any CPU.Build.0 = Debug|Any CPU
		{1E75A786-E4B8-4A67-AEFB-43FEDE7614EB}.Release|Any CPU.ActiveCfg = Release|Any CPU
		{1E75A786-E4B8-4A67-AEFB-43FEDE7614EB}.Release|Any CPU.Build.0 = Release|Any CPU
	EndGlobalSection
	GlobalSection(SolutionProperties) = preSolution
		HideSolutionNode = FALSE
	EndGlobalSection
	GlobalSection(NestedProjects) = preSolution
		{29E83E01-019E-4DBD-96B8-9D3B188791A8} = {BD287E09-B68B-468F-A80E-4FE7F97D6698}
		{D6329D6C-65CE-4728-A4E3-DF7E9FAC3A33} = {BD287E09-B68B-468F-A80E-4FE7F97D6698}
		{268E6D23-4492-4AAD-904A-121ECBE2BA8D} = {BD287E09-B68B-468F-A80E-4FE7F97D6698}
		{A1EED913-66B6-421E-B85A-0213EDA4CE38} = {BD287E09-B68B-468F-A80E-4FE7F97D6698}
		{753EBB49-84E6-439E-B8BD-6DF6F4F7FA8D} = {BD287E09-B68B-468F-A80E-4FE7F97D6698}
		{720903C3-D60E-4C92-B39E-20706FA1B76B} = {BD287E09-B68B-468F-A80E-4FE7F97D6698}
		{ED23C26F-69F0-4F9B-8670-0E66BF7DC94C} = {BD287E09-B68B-468F-A80E-4FE7F97D6698}
		{805813BD-F057-4007-8CE8-119DE7780E15} = {BD287E09-B68B-468F-A80E-4FE7F97D6698}
		{1E75A786-E4B8-4A67-AEFB-43FEDE7614EB} = {BD287E09-B68B-468F-A80E-4FE7F97D6698}
	EndGlobalSection
	GlobalSection(ExtensibilityGlobals) = postSolution
		SolutionGuid = {EA126B13-7A81-4B4D-8CA6-E7C769CEC74A}
	EndGlobalSection
EndGlobal
